
Microsoft Visual Studio Solution File, Format Version 12.00
# Visual Studio Version 16
VisualStudioVersion = 16.0.30503.244
MinimumVisualStudioVersion = 10.0.40219.1
Project("{9A19103F-16F7-4668-BE54-9A1E7A4F7556}") = "AddressBook(ADO.Net)", "AddressBook(ADO.Net)\AddressBook(ADO.Net).csproj", "{A3631FB0-AFE7-4417-A9B2-97A344348294}"
EndProject
Project("{9A19103F-16F7-4668-BE54-9A1E7A4F7556}") = "AddressBookTest", "AddressBookTest\AddressBookTest.csproj", "{9621E3D0-3F57-4E13-89FF-DD71A2909C82}"
EndProject
Project("{FAE04EC0-301F-11D3-BF4B-00C04F79EFBC}") = "RestSharpTest", "RestSharpTest\RestSharpTest.csproj", "{A052EB0B-EFDF-4F9E-B05E-D9D3EBF89C37}"
EndProject
Global
	GlobalSection(SolutionConfigurationPlatforms) = preSolution
		Debug|Any CPU = Debug|Any CPU
		Release|Any CPU = Release|Any CPU
	EndGlobalSection
	GlobalSection(ProjectConfigurationPlatforms) = postSolution
		{A3631FB0-AFE7-4417-A9B2-97A344348294}.Debug|Any CPU.ActiveCfg = Debug|Any CPU
		{A3631FB0-AFE7-4417-A9B2-97A344348294}.Debug|Any CPU.Build.0 = Debug|Any CPU
		{A3631FB0-AFE7-4417-A9B2-97A344348294}.Release|Any CPU.ActiveCfg = Release|Any CPU
		{A3631FB0-AFE7-4417-A9B2-97A344348294}.Release|Any CPU.Build.0 = Release|Any CPU
		{9621E3D0-3F57-4E13-89FF-DD71A2909C82}.Debug|Any CPU.ActiveCfg = Debug|Any CPU
		{9621E3D0-3F57-4E13-89FF-DD71A2909C82}.Debug|Any CPU.Build.0 = Debug|Any CPU
		{9621E3D0-3F57-4E13-89FF-DD71A2909C82}.Release|Any CPU.ActiveCfg = Release|Any CPU
		{9621E3D0-3F57-4E13-89FF-DD71A2909C82}.Release|Any CPU.Build.0 = Release|Any CPU
		{A052EB0B-EFDF-4F9E-B05E-D9D3EBF89C37}.Debug|Any CPU.ActiveCfg = Debug|Any CPU
		{A052EB0B-EFDF-4F9E-B05E-D9D3EBF89C37}.Debug|Any CPU.Build.0 = Debug|Any CPU
		{A052EB0B-EFDF-4F9E-B05E-D9D3EBF89C37}.Release|Any CPU.ActiveCfg = Release|Any CPU
		{A052EB0B-EFDF-4F9E-B05E-D9D3EBF89C37}.Release|Any CPU.Build.0 = Release|Any CPU
	EndGlobalSection
	GlobalSection(SolutionProperties) = preSolution
		HideSolutionNode = FALSE
	EndGlobalSection
	GlobalSection(ExtensibilityGlobals) = postSolution
		SolutionGuid = {E8217A1F-C472-471D-A0C5-F707D2D5024D}
	EndGlobalSection
EndGlobal
